
Microsoft Visual Studio Solution File, Format Version 12.00
# Visual Studio Version 16
VisualStudioVersion = 16.0.29911.84
MinimumVisualStudioVersion = 10.0.40219.1
Project("{FAE04EC0-301F-11D3-BF4B-00C04F79EFBC}") = "DrivingSchool", "DrivingSchool\DrivingSchool.csproj", "{409EF7F4-9B8F-49C8-A5CF-63225B424C22}"
EndProject
Global
	GlobalSection(SolutionConfigurationPlatforms) = preSolution
		Debug|Any CPU = Debug|Any CPU
		Release|Any CPU = Release|Any CPU
	EndGlobalSection
	GlobalSection(ProjectConfigurationPlatforms) = postSolution
		{409EF7F4-9B8F-49C8-A5CF-63225B424C22}.Debug|Any CPU.ActiveCfg = Debug|Any CPU
		{409EF7F4-9B8F-49C8-A5CF-63225B424C22}.Debug|Any CPU.Build.0 = Debug|Any CPU
		{409EF7F4-9B8F-49C8-A5CF-63225B424C22}.Release|Any CPU.ActiveCfg = Release|Any CPU
		{409EF7F4-9B8F-49C8-A5CF-63225B424C22}.Release|Any CPU.Build.0 = Release|Any CPU
	EndGlobalSection
	GlobalSection(SolutionProperties) = preSolution
		HideSolutionNode = FALSE
	EndGlobalSection
	GlobalSection(ExtensibilityGlobals) = postSolution
		SolutionGuid = {7B805EB7-40A3-4874-9786-E9C1296229EB}
	EndGlobalSection
EndGlobal
